<?xml version="1.0" encoding="utf-8"?>
<Project ToolsVersion="4.0" xmlns="http://schemas.microsoft.com/developer/msbuild/2003">
  <ItemGroup>
    <Filter Include="Source Files">
      <UniqueIdentifier>{4FC737F1-C7A5-4376-A066-2A32D752A2FF}</UniqueIdentifier>
      <Extensions>cpp;c;cc;cxx;def;odl;idl;hpj;bat;asm;asmx</Extensions>
    </Filter>
    <Filter Include="Resource Files">
      <UniqueIdentifier>{67DA6AB6-F800-4c08-8B7A-83BB121AAD01}</UniqueIdentifier>
      <Extensions>rc;ico;cur;bmp;dlg;rc2;rct;bin;rgs;gif;jpg;jpeg;jpe;resx;tiff;tif;png;wav;mfcribbon-ms</Extensions>
    </Filter>
    <Filter Include="Source Files\Entities">
      <UniqueIdentifier>{a972af1e-a205-4ba2-8685-5c79b2e6c843}</UniqueIdentifier>
    </Filter>
    <Filter Include="Source Files\World">
      <UniqueIdentifier>{3ea5b0e0-9aaf-4245-b8b3-e3281596960b}</UniqueIdentifier>
    </Filter>
    <Filter Include="Source Files\Utility">
      <UniqueIdentifier>{6601e614-a388-4c96-ab15-935de5de7333}</UniqueIdentifier>
    </Filter>
    <Filter Include="Source Files\Control">
      <UniqueIdentifier>{c55fca19-c415-4679-b152-71dc1b23ccdb}</UniqueIdentifier>
    </Filter>
    <Filter Include="Source Files\Messaging">
      <UniqueIdentifier>{514417b9-6107-40eb-991b-9d4993a8ac29}</UniqueIdentifier>
    </Filter>
    <Filter Include="Source Files\Debug">
      <UniqueIdentifier>{6cc67516-16ae-4e00-b58b-781db7d2f7c9}</UniqueIdentifier>
    </Filter>
    <Filter Include="Source Files\Mouse">
      <UniqueIdentifier>{7fcb00b1-7ead-4e1e-bdc1-aab0edc352c0}</UniqueIdentifier>
    </Filter>
    <Filter Include="Source Files\Resources">
      <UniqueIdentifier>{24c397b2-adb3-4d3a-8234-ed8a7e3e1d7a}</UniqueIdentifier>
    </Filter>
    <Filter Include="Source Files\Resources\Sounds">
      <UniqueIdentifier>{f2fdd373-9054-4a54-bc1a-7b83c601f83a}</UniqueIdentifier>
    </Filter>
    <Filter Include="Source Files\GUI">
      <UniqueIdentifier>{d2ac20fd-ce52-43e1-b1c8-dde9f0d4e152}</UniqueIdentifier>
    </Filter>
    <Filter Include="Source Files\_junk">
      <UniqueIdentifier>{639fd9f5-4cb8-4390-88af-df24edad955a}</UniqueIdentifier>
    </Filter>
    <Filter Include="Source Files\GUI\Controls">
      <UniqueIdentifier>{05b418da-0f57-4e8a-93aa-4d7f9303eb52}</UniqueIdentifier>
    </Filter>
    <Filter Include="Source Files\Utility\Pathing">
      <UniqueIdentifier>{513fe38e-9a49-4ac8-a19b-160ba833d982}</UniqueIdentifier>
    </Filter>
    <Filter Include="Source Files\GUI\Delegates">
      <UniqueIdentifier>{31da510c-b7c6-4648-8fe1-773191ac6edf}</UniqueIdentifier>
    </Filter>
    <Filter Include="Source Files\GUI\HUD">
      <UniqueIdentifier>{94e80498-1229-4114-ac7d-c8d0d7106139}</UniqueIdentifier>
    </Filter>
  </ItemGroup>
  <ItemGroup>
    <ClCompile Include="main.cpp">
      <Filter>Source Files</Filter>
    </ClCompile>
    <ClCompile Include="Game.cpp">
      <Filter>Source Files</Filter>
    </ClCompile>
    <ClCompile Include="AEntity.cpp">
      <Filter>Source Files\Entities</Filter>
    </ClCompile>
    <ClCompile Include="Tank.cpp">
      <Filter>Source Files\Entities</Filter>
    </ClCompile>
    <ClCompile Include="Map.cpp">
      <Filter>Source Files\World</Filter>
    </ClCompile>
    <ClCompile Include="Sector.cpp">
      <Filter>Source Files\World</Filter>
    </ClCompile>
    <ClCompile Include="InputManager.cpp">
      <Filter>Source Files\Control</Filter>
    </ClCompile>
    <ClCompile Include="EntityManager.cpp">
      <Filter>Source Files\Entities</Filter>
    </ClCompile>
    <ClCompile Include="MessageDispatcher.cpp">
      <Filter>Source Files\Messaging</Filter>
    </ClCompile>
    <ClCompile Include="Mouse.cpp">
      <Filter>Source Files\Mouse</Filter>
    </ClCompile>
    <ClCompile Include="MouseListener.cpp">
      <Filter>Source Files\Mouse</Filter>
    </ClCompile>
    <ClCompile Include="ResourceLoader.cpp">
      <Filter>Source Files\Resources</Filter>
    </ClCompile>
    <ClCompile Include="Shape.cpp">
      <Filter>Source Files\World</Filter>
    </ClCompile>
    <ClCompile Include="CollisionSolver.cpp">
      <Filter>Source Files\World</Filter>
    </ClCompile>
    <ClCompile Include="Utility.cpp">
      <Filter>Source Files\Utility</Filter>
    </ClCompile>
    <ClCompile Include="DebugDraw.cpp">
      <Filter>Source Files\Debug</Filter>
    </ClCompile>
    <ClCompile Include="Edge.cpp">
      <Filter>Source Files\World</Filter>
    </ClCompile>
    <ClCompile Include="ChannelManager.cpp">
      <Filter>Source Files\Resources\Sounds</Filter>
    </ClCompile>
    <ClCompile Include="SoundAsset.cpp">
      <Filter>Source Files\Resources\Sounds</Filter>
    </ClCompile>
    <ClCompile Include="FontAsset.cpp">
      <Filter>Source Files\Resources</Filter>
    </ClCompile>
    <ClCompile Include="GUIController.cpp">
      <Filter>Source Files\GUI</Filter>
    </ClCompile>
    <ClCompile Include="Menu.cpp">
      <Filter>Source Files\GUI</Filter>
    </ClCompile>
    <ClCompile Include="MenuItem.cpp">
      <Filter>Source Files\GUI</Filter>
    </ClCompile>
    <ClCompile Include="BtnCmds.cpp">
      <Filter>Source Files\GUI\Delegates</Filter>
    </ClCompile>
    <ClCompile Include="Button.cpp">
      <Filter>Source Files\GUI\Controls</Filter>
    </ClCompile>
    <ClCompile Include="Slider.cpp">
      <Filter>Source Files\GUI\Controls</Filter>
    </ClCompile>
    <ClCompile Include="PathFactory.cpp">
      <Filter>Source Files\Utility\Pathing</Filter>
    </ClCompile>
    <ClCompile Include="Path.cpp">
      <Filter>Source Files\Utility\Pathing</Filter>
    </ClCompile>
    <ClCompile Include="MusicController.cpp">
      <Filter>Source Files\Resources\Sounds</Filter>
    </ClCompile>
    <ClCompile Include="TextureAsset.cpp">
      <Filter>Source Files\Resources</Filter>
    </ClCompile>
    <ClCompile Include="Powerup.cpp">
      <Filter>Source Files\Entities</Filter>
    </ClCompile>
    <ClCompile Include="KineticStrike.cpp">
      <Filter>Source Files\Entities</Filter>
    </ClCompile>
    <ClCompile Include="HudIcon.cpp">
      <Filter>Source Files\GUI\HUD</Filter>
    </ClCompile>
  </ItemGroup>
  <ItemGroup>
    <ClInclude Include="AEntity.h">
      <Filter>Source Files\Entities</Filter>
    </ClInclude>
    <ClInclude Include="Tank.h">
      <Filter>Source Files\Entities</Filter>
    </ClInclude>
    <ClInclude Include="Game.h">
      <Filter>Source Files</Filter>
    </ClInclude>
    <ClInclude Include="Map.h">
      <Filter>Source Files\World</Filter>
    </ClInclude>
    <ClInclude Include="Sector.h">
      <Filter>Source Files\World</Filter>
    </ClInclude>
    <ClInclude Include="Vec2.h">
      <Filter>Source Files\Utility</Filter>
    </ClInclude>
    <ClInclude Include="Defs.h">
      <Filter>Source Files\Utility</Filter>
    </ClInclude>
    <ClInclude Include="InputManager.h">
      <Filter>Source Files\Control</Filter>
    </ClInclude>
    <ClInclude Include="EntityManager.h">
      <Filter>Source Files\Entities</Filter>
    </ClInclude>
    <ClInclude Include="Telegram.h">
      <Filter>Source Files\Messaging</Filter>
    </ClInclude>
    <ClInclude Include="MessageDispatcher.h">
      <Filter>Source Files\Messaging</Filter>
    </ClInclude>
    <ClInclude Include="MessageDefs.h">
      <Filter>Source Files\Messaging</Filter>
    </ClInclude>
    <ClInclude Include="Utility.h">
      <Filter>Source Files\Utility</Filter>
    </ClInclude>
    <ClInclude Include="Mouse.h">
      <Filter>Source Files\Mouse</Filter>
    </ClInclude>
    <ClInclude Include="MouseListener.h">
      <Filter>Source Files\Mouse</Filter>
    </ClInclude>
    <ClInclude Include="IThink.h">
      <Filter>Source Files\Entities</Filter>
    </ClInclude>
    <ClInclude Include="ResourceManager.h">
      <Filter>Source Files\Resources</Filter>
    </ClInclude>
    <ClInclude Include="ResourceLoader.h">
      <Filter>Source Files\Resources</Filter>
    </ClInclude>
    <ClInclude Include="dirent.h">
      <Filter>Source Files\Utility</Filter>
    </ClInclude>
    <ClInclude Include="Shape.h">
      <Filter>Source Files\World</Filter>
    </ClInclude>
    <ClInclude Include="CollisionSolver.h">
      <Filter>Source Files\World</Filter>
    </ClInclude>
    <ClInclude Include="Collision.h">
      <Filter>Source Files\World</Filter>
    </ClInclude>
    <ClInclude Include="DebugDraw.h">
      <Filter>Source Files\Debug</Filter>
    </ClInclude>
    <ClInclude Include="Edge.h">
      <Filter>Source Files\World</Filter>
    </ClInclude>
    <ClInclude Include="ChannelManager.h">
      <Filter>Source Files\Resources\Sounds</Filter>
    </ClInclude>
    <ClInclude Include="SoundAsset.h">
      <Filter>Source Files\Resources\Sounds</Filter>
    </ClInclude>
    <ClInclude Include="FontAsset.h">
      <Filter>Source Files\Resources</Filter>
    </ClInclude>
    <ClInclude Include="GUIController.h">
      <Filter>Source Files\GUI</Filter>
    </ClInclude>
    <ClInclude Include="Menu.h">
      <Filter>Source Files\GUI</Filter>
    </ClInclude>
    <ClInclude Include="MenuItem.h">
      <Filter>Source Files\GUI</Filter>
    </ClInclude>
    <ClInclude Include="IBtnCmd.h">
      <Filter>Source Files\GUI\Delegates</Filter>
    </ClInclude>
    <ClInclude Include="BtnCmds.h">
      <Filter>Source Files\GUI\Delegates</Filter>
    </ClInclude>
    <ClInclude Include="Button.h">
      <Filter>Source Files\GUI\Controls</Filter>
    </ClInclude>
    <ClInclude Include="Slider.h">
      <Filter>Source Files\GUI\Controls</Filter>
    </ClInclude>
    <ClInclude Include="PathFactory.h">
      <Filter>Source Files\Utility\Pathing</Filter>
    </ClInclude>
    <ClInclude Include="Path.h">
      <Filter>Source Files\Utility\Pathing</Filter>
    </ClInclude>
    <ClInclude Include="Trace.h">
      <Filter>Source Files\World</Filter>
    </ClInclude>
    <ClInclude Include="Info.h">
      <Filter>Source Files\Messaging</Filter>
    </ClInclude>
    <ClInclude Include="MusicController.h">
      <Filter>Source Files\Resources\Sounds</Filter>
    </ClInclude>
    <ClInclude Include="MusicAsset.h">
      <Filter>Source Files\Resources\Sounds</Filter>
    </ClInclude>
    <ClInclude Include="EntityFlags.h">
      <Filter>Source Files\Utility</Filter>
    </ClInclude>
    <ClInclude Include="IPhysObject.h">
      <Filter>Source Files\_junk</Filter>
    </ClInclude>
    <ClInclude Include="CollisionListener.h">
      <Filter>Source Files\World</Filter>
    </ClInclude>
    <ClInclude Include="TextureAsset.h">
      <Filter>Source Files\Resources</Filter>
    </ClInclude>
    <ClInclude Include="Powerup.h">
      <Filter>Source Files\Entities</Filter>
    </ClInclude>
    <ClInclude Include="KineticStrike.h">
      <Filter>Source Files\Entities</Filter>
    </ClInclude>
    <ClInclude Include="HudIcon.h">
      <Filter>Source Files\GUI\HUD</Filter>
    </ClInclude>
  </ItemGroup>
</Project>